PODS:
  - ReachabilitySwift (4.3.0)
  - Realm (3.13.1):
    - Realm/Headers (= 3.13.1)
  - Realm/Headers (3.13.1)
  - RealmSwift (3.13.1):
    - Realm (= 3.13.1)

DEPENDENCIES:
  - ReachabilitySwift
  - RealmSwift

SPEC REPOS:
  https://github.com/cocoapods/specs.git:
    - ReachabilitySwift
    - Realm
    - RealmSwift

SPEC CHECKSUMS:
  ReachabilitySwift: 408477d1b6ed9779dba301953171e017c31241f3
  Realm: 50071da38fe079e0735e47c9f2eae738c68c5996
  RealmSwift: 8a1e6a02b7a08cd17a31e3115143fb69fe5f3fb9

PODFILE CHECKSUM: 6507be3eacf6b0bef51ef898766e920d33bb6871

COCOAPODS: 1.5.3
