// !$*UTF8*$!
{
	archiveVersion = 1;
	classes = {
	};
	objectVersion = 46;
	objects = {

/* Begin PBXBuildFile section */
		9B08D8811F0AAD6E0018D54F /* MembersAdd.swift in Sources */ = {isa = PBXBuildFile; fileRef = 9B08D8801F0AAD6E0018D54F /* MembersAdd.swift */; };
		9B08D8831F0AB3BA0018D54F /* FavsTableViewController.swift in Sources */ = {isa = PBXBuildFile; fileRef = 9B08D8821F0AB3BA0018D54F /* FavsTableViewController.swift */; };
		9B0DFC231ECCE1E3001C8CFA /* TwitterMembers.swift in Sources */ = {isa = PBXBuildFile; fileRef = 9B0DFC221ECCE1E3001C8CFA /* TwitterMembers.swift */; };
		9B1631121EC15BAF007756D6 /* members.swift in Sources */ = {isa = PBXBuildFile; fileRef = 9B1631111EC15BAF007756D6 /* members.swift */; };
		9B2964031EBF88E400377E9B /* AppDelegate.swift in Sources */ = {isa = PBXBuildFile; fileRef = 9B2964021EBF88E400377E9B /* AppDelegate.swift */; };
		9B29640C1EBF88E400377E9B /* Assets.xcassets in Resources */ = {isa = PBXBuildFile; fileRef = 9B29640B1EBF88E400377E9B /* Assets.xcassets */; };
		9B29640F1EBF88E400377E9B /* LaunchScreen.storyboard in Resources */ = {isa = PBXBuildFile; fileRef = 9B29640D1EBF88E400377E9B /* LaunchScreen.storyboard */; };
		9B2964371EBF897C00377E9B /* Fabric.framework in Frameworks */ = {isa = PBXBuildFile; fileRef = 9B2964331EBF897C00377E9B /* Fabric.framework */; };
		9B2964381EBF897C00377E9B /* TwitterKit.framework in Frameworks */ = {isa = PBXBuildFile; fileRef = 9B2964341EBF897C00377E9B /* TwitterKit.framework */; };
		9B2964391EBF897C00377E9B /* TwitterKitResources.bundle in Resources */ = {isa = PBXBuildFile; fileRef = 9B2964351EBF897C00377E9B /* TwitterKitResources.bundle */; };
		9B29643A1EBF897C00377E9B /* TwitterCore.framework in Frameworks */ = {isa = PBXBuildFile; fileRef = 9B2964361EBF897C00377E9B /* TwitterCore.framework */; };
		9B29643E1EBF8AAD00377E9B /* tKTwitterTableViewController.swift in Sources */ = {isa = PBXBuildFile; fileRef = 9B29643D1EBF8AAD00377E9B /* tKTwitterTableViewController.swift */; };
		9B2964401EBFCC7400377E9B /* creativetKTableViewController.swift in Sources */ = {isa = PBXBuildFile; fileRef = 9B29643F1EBFCC7400377E9B /* creativetKTableViewController.swift */; };
		9BA0CAB81ECA009D002ECCB8 /* Crashlytics.framework in Frameworks */ = {isa = PBXBuildFile; fileRef = 9BA0CAB71ECA009D002ECCB8 /* Crashlytics.framework */; };
		9BA0CABC1ECA0CBE002ECCB8 /* rosterTableViewController.swift in Sources */ = {isa = PBXBuildFile; fileRef = 9BA0CABB1ECA0CBE002ECCB8 /* rosterTableViewController.swift */; };
		9BAB60701EDF265F004828D0 /* member YoutubeViewController.swift in Sources */ = {isa = PBXBuildFile; fileRef = 9BAB606F1EDF265F004828D0 /* member YoutubeViewController.swift */; };
		9BABD9CE1F0E9406002CD649 /* Main.storyboard in Resources */ = {isa = PBXBuildFile; fileRef = 9B2964081EBF88E400377E9B /* Main.storyboard */; };
		9BB3E9F41ECB718700650D3E /* profileViewController.swift in Sources */ = {isa = PBXBuildFile; fileRef = 9BB3E9F31ECB718700650D3E /* profileViewController.swift */; };
		9BC4BC7A1F0E2DDF00666306 /* addbutton.swift in Sources */ = {isa = PBXBuildFile; fileRef = 9BC4BC791F0E2DDF00666306 /* addbutton.swift */; };
		9BD4F7181F0D87C300A1AD45 /* DataStore.swift in Sources */ = {isa = PBXBuildFile; fileRef = 9BD4F7171F0D87C300A1AD45 /* DataStore.swift */; };
/* End PBXBuildFile section */

/* Begin PBXFileReference section */
		9B08D8801F0AAD6E0018D54F /* MembersAdd.swift */ = {isa = PBXFileReference; fileEncoding = 4; lastKnownFileType = sourcecode.swift; path = MembersAdd.swift; sourceTree = "<group>"; };
		9B08D8821F0AB3BA0018D54F /* FavsTableViewController.swift */ = {isa = PBXFileReference; fileEncoding = 4; lastKnownFileType = sourcecode.swift; path = FavsTableViewController.swift; sourceTree = "<group>"; };
		9B0DFC221ECCE1E3001C8CFA /* TwitterMembers.swift */ = {isa = PBXFileReference; fileEncoding = 4; lastKnownFileType = sourcecode.swift; path = TwitterMembers.swift; sourceTree = "<group>"; };
		9B1631111EC15BAF007756D6 /* members.swift */ = {isa = PBXFileReference; fileEncoding = 4; lastKnownFileType = sourcecode.swift; path = members.swift; sourceTree = "<group>"; };
		9B2963FF1EBF88E400377E9B /* tK Fan.app */ = {isa = PBXFileReference; explicitFileType = wrapper.application; includeInIndex = 0; path = "tK Fan.app"; sourceTree = BUILT_PRODUCTS_DIR; };
		9B2964021EBF88E400377E9B /* AppDelegate.swift */ = {isa = PBXFileReference; lastKnownFileType = sourcecode.swift; name = AppDelegate.swift; path = "tK Fan/AppDelegate.swift"; sourceTree = "<group>"; };
		9B2964091EBF88E400377E9B /* Base */ = {isa = PBXFileReference; lastKnownFileType = file.storyboard; name = Base; path = Base.lproj/Main.storyboard; sourceTree = "<group>"; };
		9B29640B1EBF88E400377E9B /* Assets.xcassets */ = {isa = PBXFileReference; lastKnownFileType = folder.assetcatalog; name = Assets.xcassets; path = "tK Fan/Assets.xcassets"; sourceTree = "<group>"; };
		9B29640E1EBF88E400377E9B /* Base */ = {isa = PBXFileReference; lastKnownFileType = file.storyboard; name = Base; path = Base.lproj/LaunchScreen.storyboard; sourceTree = "<group>"; };
		9B2964101EBF88E400377E9B /* Info.plist */ = {isa = PBXFileReference; lastKnownFileType = text.plist.xml; name = Info.plist; path = "tK Fan/Info.plist"; sourceTree = "<group>"; };
		9B2964331EBF897C00377E9B /* Fabric.framework */ = {isa = PBXFileReference; lastKnownFileType = wrapper.framework; path = Fabric.framework; sourceTree = "<group>"; };
		9B2964341EBF897C00377E9B /* TwitterKit.framework */ = {isa = PBXFileReference; lastKnownFileType = wrapper.framework; path = TwitterKit.framework; sourceTree = "<group>"; };
		9B2964351EBF897C00377E9B /* TwitterKitResources.bundle */ = {isa = PBXFileReference; lastKnownFileType = "wrapper.plug-in"; name = TwitterKitResources.bundle; path = TwitterKit.framework/Versions/A/Resources/TwitterKitResources.bundle; sourceTree = "<group>"; };
		9B2964361EBF897C00377E9B /* TwitterCore.framework */ = {isa = PBXFileReference; lastKnownFileType = wrapper.framework; path = TwitterCore.framework; sourceTree = "<group>"; };
		9B29643D1EBF8AAD00377E9B /* tKTwitterTableViewController.swift */ = {isa = PBXFileReference; fileEncoding = 4; lastKnownFileType = sourcecode.swift; path = tKTwitterTableViewController.swift; sourceTree = "<group>"; };
		9B29643F1EBFCC7400377E9B /* creativetKTableViewController.swift */ = {isa = PBXFileReference; fileEncoding = 4; lastKnownFileType = sourcecode.swift; path = creativetKTableViewController.swift; sourceTree = "<group>"; };
		9BA0CAB51EC9FE15002ECCB8 /* Answers.framework */ = {isa = PBXFileReference; lastKnownFileType = wrapper.framework; path = Answers.framework; sourceTree = "<group>"; };
		9BA0CAB71ECA009D002ECCB8 /* Crashlytics.framework */ = {isa = PBXFileReference; lastKnownFileType = wrapper.framework; path = Crashlytics.framework; sourceTree = "<group>"; };
		9BA0CABB1ECA0CBE002ECCB8 /* rosterTableViewController.swift */ = {isa = PBXFileReference; fileEncoding = 4; lastKnownFileType = sourcecode.swift; path = rosterTableViewController.swift; sourceTree = "<group>"; };
		9BAB606F1EDF265F004828D0 /* member YoutubeViewController.swift */ = {isa = PBXFileReference; fileEncoding = 4; lastKnownFileType = sourcecode.swift; path = "member YoutubeViewController.swift"; sourceTree = "<group>"; };
		9BB3E9F31ECB718700650D3E /* profileViewController.swift */ = {isa = PBXFileReference; fileEncoding = 4; lastKnownFileType = sourcecode.swift; path = profileViewController.swift; sourceTree = "<group>"; };
		9BC4BC791F0E2DDF00666306 /* addbutton.swift */ = {isa = PBXFileReference; fileEncoding = 4; lastKnownFileType = sourcecode.swift; path = addbutton.swift; sourceTree = "<group>"; };
		9BD4F7171F0D87C300A1AD45 /* DataStore.swift */ = {isa = PBXFileReference; fileEncoding = 4; lastKnownFileType = sourcecode.swift; path = DataStore.swift; sourceTree = "<group>"; };
/* End PBXFileReference section */

/* Begin PBXFrameworksBuildPhase section */
		9B2963FC1EBF88E400377E9B /* Frameworks */ = {
			isa = PBXFrameworksBuildPhase;
			buildActionMask = 2147483647;
			files = (
				9B2964371EBF897C00377E9B /* Fabric.framework in Frameworks */,
				9B29643A1EBF897C00377E9B /* TwitterCore.framework in Frameworks */,
				9BA0CAB81ECA009D002ECCB8 /* Crashlytics.framework in Frameworks */,
				9B2964381EBF897C00377E9B /* TwitterKit.framework in Frameworks */,
			);
			runOnlyForDeploymentPostprocessing = 0;
		};
/* End PBXFrameworksBuildPhase section */

/* Begin PBXGroup section */
		9B1631101EC157F2007756D6 /* Model */ = {
			isa = PBXGroup;
			children = (
				9B1631111EC15BAF007756D6 /* members.swift */,
				9B08D8801F0AAD6E0018D54F /* MembersAdd.swift */,
			);
			name = Model;
			path = ..;
			sourceTree = "<group>";
		};
		9B2963F61EBF88E400377E9B = {
			isa = PBXGroup;
			children = (
				9B2964011EBF88E400377E9B /* tK Fan */,
				9BA0CAB71ECA009D002ECCB8 /* Crashlytics.framework */,
				9BA0CAB51EC9FE15002ECCB8 /* Answers.framework */,
				9B2964331EBF897C00377E9B /* Fabric.framework */,
				9B2964341EBF897C00377E9B /* TwitterKit.framework */,
				9B2964351EBF897C00377E9B /* TwitterKitResources.bundle */,
				9B2964361EBF897C00377E9B /* TwitterCore.framework */,
				9B2964001EBF88E400377E9B /* Products */,
			);
			sourceTree = "<group>";
		};
		9B2964001EBF88E400377E9B /* Products */ = {
			isa = PBXGroup;
			children = (
				9B2963FF1EBF88E400377E9B /* tK Fan.app */,
			);
			name = Products;
			sourceTree = "<group>";
		};
		9B2964011EBF88E400377E9B /* tK Fan */ = {
			isa = PBXGroup;
			children = (
				9B1631101EC157F2007756D6 /* Model */,
				9B29643B1EBF8A1000377E9B /* View + Assets */,
				9B29643C1EBF8A3A00377E9B /* Controller */,
			);
			path = "tK Fan";
			sourceTree = "<group>";
		};
		9B29643B1EBF8A1000377E9B /* View + Assets */ = {
			isa = PBXGroup;
			children = (
				9B2964021EBF88E400377E9B /* AppDelegate.swift */,
				9B2964081EBF88E400377E9B /* Main.storyboard */,
				9B29640B1EBF88E400377E9B /* Assets.xcassets */,
				9B29640D1EBF88E400377E9B /* LaunchScreen.storyboard */,
				9B2964101EBF88E400377E9B /* Info.plist */,
				9BD4F7171F0D87C300A1AD45 /* DataStore.swift */,
				9BC4BC791F0E2DDF00666306 /* addbutton.swift */,
			);
			name = "View + Assets";
			path = ..;
			sourceTree = "<group>";
		};
		9B29643C1EBF8A3A00377E9B /* Controller */ = {
			isa = PBXGroup;
			children = (
				9B08D8821F0AB3BA0018D54F /* FavsTableViewController.swift */,
				9BAB606F1EDF265F004828D0 /* member YoutubeViewController.swift */,
				9B3771271ECBEED000FA1686 /* twitterViewKit */,
				9BB3E9F51ECB768A00650D3E /* roster */,
				9BB3E9F61ECB769B00650D3E /* Twitter */,
			);
			name = Controller;
			path = ..;
			sourceTree = "<group>";
		};
		9B3771271ECBEED000FA1686 /* twitterViewKit */ = {
			isa = PBXGroup;
			children = (
			);
			name = twitterViewKit;
			sourceTree = "<group>";
		};
		9BB3E9F51ECB768A00650D3E /* roster */ = {
			isa = PBXGroup;
			children = (
				9BB3E9F31ECB718700650D3E /* profileViewController.swift */,
				9BA0CABB1ECA0CBE002ECCB8 /* rosterTableViewController.swift */,
			);
			name = roster;
			sourceTree = "<group>";
		};
		9BB3E9F61ECB769B00650D3E /* Twitter */ = {
			isa = PBXGroup;
			children = (
				9B0DFC221ECCE1E3001C8CFA /* TwitterMembers.swift */,
				9B29643D1EBF8AAD00377E9B /* tKTwitterTableViewController.swift */,
				9B29643F1EBFCC7400377E9B /* creativetKTableViewController.swift */,
			);
			name = Twitter;
			sourceTree = "<group>";
		};
/* End PBXGroup section */

/* Begin PBXNativeTarget section */
		9B2963FE1EBF88E400377E9B /* tK Fan */ = {
			isa = PBXNativeTarget;
			buildConfigurationList = 9B2964291EBF88E400377E9B /* Build configuration list for PBXNativeTarget "tK Fan" */;
			buildPhases = (
				9B2963FB1EBF88E400377E9B /* Sources */,
				9B2963FC1EBF88E400377E9B /* Frameworks */,
				9B2963FD1EBF88E400377E9B /* Resources */,
				9B2964321EBF896300377E9B /* ShellScript */,
			);
			buildRules = (
			);
			dependencies = (
			);
			name = "tK Fan";
			productName = "tK Fan";
			productReference = 9B2963FF1EBF88E400377E9B /* tK Fan.app */;
			productType = "com.apple.product-type.application";
		};
/* End PBXNativeTarget section */

/* Begin PBXProject section */
		9B2963F71EBF88E400377E9B /* Project object */ = {
			isa = PBXProject;
			attributes = {
				LastSwiftUpdateCheck = 0830;
				LastUpgradeCheck = 0930;
				ORGANIZATIONNAME = sudo;
				TargetAttributes = {
					9B2963FE1EBF88E400377E9B = {
						CreatedOnToolsVersion = 8.3.2;
						DevelopmentTeam = A9UMG393DW;
						LastSwiftMigration = 0930;
						ProvisioningStyle = Automatic;
					};
				};
			};
			buildConfigurationList = 9B2963FA1EBF88E400377E9B /* Build configuration list for PBXProject "tK Fan" */;
			compatibilityVersion = "Xcode 3.2";
			developmentRegion = English;
			hasScannedForEncodings = 0;
			knownRegions = (
				en,
				Base,
			);
			mainGroup = 9B2963F61EBF88E400377E9B;
			productRefGroup = 9B2964001EBF88E400377E9B /* Products */;
			projectDirPath = "";
			projectRoot = "";
			targets = (
				9B2963FE1EBF88E400377E9B /* tK Fan */,
			);
		};
/* End PBXProject section */

/* Begin PBXResourcesBuildPhase section */
		9B2963FD1EBF88E400377E9B /* Resources */ = {
			isa = PBXResourcesBuildPhase;
			buildActionMask = 2147483647;
			files = (
				9B2964391EBF897C00377E9B /* TwitterKitResources.bundle in Resources */,
				9B29640F1EBF88E400377E9B /* LaunchScreen.storyboard in Resources */,
				9BABD9CE1F0E9406002CD649 /* Main.storyboard in Resources */,
				9B29640C1EBF88E400377E9B /* Assets.xcassets in Resources */,
			);
			runOnlyForDeploymentPostprocessing = 0;
		};
/* End PBXResourcesBuildPhase section */

/* Begin PBXShellScriptBuildPhase section */
		9B2964321EBF896300377E9B /* ShellScript */ = {
			isa = PBXShellScriptBuildPhase;
			buildActionMask = 2147483647;
			files = (
			);
			inputPaths = (
			);
			outputPaths = (
			);
			runOnlyForDeploymentPostprocessing = 0;
			shellPath = /bin/sh;
			shellScript = "./Fabric.framework/run 136948a4ee351b7430e8738bcaf5b830e70ff295 774c26d62793f8d09417c8fc76b0084435b59e2444e0ba697ecadbb32c4d8f0e";
		};
/* End PBXShellScriptBuildPhase section */

/* Begin PBXSourcesBuildPhase section */
		9B2963FB1EBF88E400377E9B /* Sources */ = {
			isa = PBXSourcesBuildPhase;
			buildActionMask = 2147483647;
			files = (
				9BA0CABC1ECA0CBE002ECCB8 /* rosterTableViewController.swift in Sources */,
				9B08D8811F0AAD6E0018D54F /* MembersAdd.swift in Sources */,
				9B1631121EC15BAF007756D6 /* members.swift in Sources */,
				9BB3E9F41ECB718700650D3E /* profileViewController.swift in Sources */,
				9B2964031EBF88E400377E9B /* AppDelegate.swift in Sources */,
				9BD4F7181F0D87C300A1AD45 /* DataStore.swift in Sources */,
				9BAB60701EDF265F004828D0 /* member YoutubeViewController.swift in Sources */,
				9B08D8831F0AB3BA0018D54F /* FavsTableViewController.swift in Sources */,
				9BC4BC7A1F0E2DDF00666306 /* addbutton.swift in Sources */,
				9B2964401EBFCC7400377E9B /* creativetKTableViewController.swift in Sources */,
				9B0DFC231ECCE1E3001C8CFA /* TwitterMembers.swift in Sources */,
				9B29643E1EBF8AAD00377E9B /* tKTwitterTableViewController.swift in Sources */,
			);
			runOnlyForDeploymentPostprocessing = 0;
		};
/* End PBXSourcesBuildPhase section */

/* Begin PBXVariantGroup section */
		9B2964081EBF88E400377E9B /* Main.storyboard */ = {
			isa = PBXVariantGroup;
			children = (
				9B2964091EBF88E400377E9B /* Base */,
			);
			name = Main.storyboard;
			path = "tK Fan";
			sourceTree = "<group>";
		};
		9B29640D1EBF88E400377E9B /* LaunchScreen.storyboard */ = {
			isa = PBXVariantGroup;
			children = (
				9B29640E1EBF88E400377E9B /* Base */,
			);
			name = LaunchScreen.storyboard;
			path = "tK Fan";
			sourceTree = "<group>";
		};
/* End PBXVariantGroup section */

/* Begin XCBuildConfiguration section */
		9B2964271EBF88E400377E9B /* Debug */ = {
			isa = XCBuildConfiguration;
			buildSettings = {
				ALWAYS_SEARCH_USER_PATHS = NO;
				CLANG_ANALYZER_NONNULL = YES;
				CLANG_ANALYZER_NUMBER_OBJECT_CONVERSION = YES_AGGRESSIVE;
				CLANG_CXX_LANGUAGE_STANDARD = "gnu++0x";
				CLANG_CXX_LIBRARY = "libc++";
				CLANG_ENABLE_MODULES = YES;
				CLANG_ENABLE_OBJC_ARC = YES;
				CLANG_WARN_BLOCK_CAPTURE_AUTORELEASING = YES;
				CLANG_WARN_BOOL_CONVERSION = YES;
				CLANG_WARN_COMMA = YES;
				CLANG_WARN_CONSTANT_CONVERSION = YES;
				CLANG_WARN_DEPRECATED_OBJC_IMPLEMENTATIONS = YES;
				CLANG_WARN_DIRECT_OBJC_ISA_USAGE = YES_ERROR;
				CLANG_WARN_DOCUMENTATION_COMMENTS = YES;
				CLANG_WARN_EMPTY_BODY = YES;
				CLANG_WARN_ENUM_CONVERSION = YES;
				CLANG_WARN_INFINITE_RECURSION = YES;
				CLANG_WARN_INT_CONVERSION = YES;
				CLANG_WARN_NON_LITERAL_NULL_CONVERSION = YES;
				CLANG_WARN_OBJC_IMPLICIT_RETAIN_SELF = YES;
				CLANG_WARN_OBJC_LITERAL_CONVERSION = YES;
				CLANG_WARN_OBJC_ROOT_CLASS = YES_ERROR;
				CLANG_WARN_RANGE_LOOP_ANALYSIS = YES;
				CLANG_WARN_STRICT_PROTOTYPES = YES;
				CLANG_WARN_SUSPICIOUS_MOVE = YES;
				CLANG_WARN_UNREACHABLE_CODE = YES;
				CLANG_WARN__DUPLICATE_METHOD_MATCH = YES;
				"CODE_SIGN_IDENTITY[sdk=iphoneos*]" = "iPhone Developer";
				COPY_PHASE_STRIP = NO;
				DEBUG_INFORMATION_FORMAT = dwarf;
				ENABLE_STRICT_OBJC_MSGSEND = YES;
				ENABLE_TESTABILITY = YES;
				GCC_C_LANGUAGE_STANDARD = gnu99;
				GCC_DYNAMIC_NO_PIC = NO;
				GCC_NO_COMMON_BLOCKS = YES;
				GCC_OPTIMIZATION_LEVEL = 0;
				GCC_PREPROCESSOR_DEFINITIONS = (
					"DEBUG=1",
					"$(inherited)",
				);
				GCC_WARN_64_TO_32_BIT_CONVERSION = YES;
				GCC_WARN_ABOUT_RETURN_TYPE = YES_ERROR;
				GCC_WARN_UNDECLARED_SELECTOR = YES;
				GCC_WARN_UNINITIALIZED_AUTOS = YES_AGGRESSIVE;
				GCC_WARN_UNUSED_FUNCTION = YES;
				GCC_WARN_UNUSED_VARIABLE = YES;
				IPHONEOS_DEPLOYMENT_TARGET = 10.3;
				MTL_ENABLE_DEBUG_INFO = YES;
				ONLY_ACTIVE_ARCH = YES;
				SDKROOT = iphoneos;
				SWIFT_ACTIVE_COMPILATION_CONDITIONS = DEBUG;
				SWIFT_OPTIMIZATION_LEVEL = "-Onone";
			};
			name = Debug;
		};
		9B2964281EBF88E400377E9B /* Release */ = {
			isa = XCBuildConfiguration;
			buildSettings = {
				ALWAYS_SEARCH_USER_PATHS = NO;
				CLANG_ANALYZER_NONNULL = YES;
				CLANG_ANALYZER_NUMBER_OBJECT_CONVERSION = YES_AGGRESSIVE;
				CLANG_CXX_LANGUAGE_STANDARD = "gnu++0x";
				CLANG_CXX_LIBRARY = "libc++";
				CLANG_ENABLE_MODULES = YES;
				CLANG_ENABLE_OBJC_ARC = YES;
				CLANG_WARN_BLOCK_CAPTURE_AUTORELEASING = YES;
				CLANG_WARN_BOOL_CONVERSION = YES;
				CLANG_WARN_COMMA = YES;
				CLANG_WARN_CONSTANT_CONVERSION = YES;
				CLANG_WARN_DEPRECATED_OBJC_IMPLEMENTATIONS = YES;
				CLANG_WARN_DIRECT_OBJC_ISA_USAGE = YES_ERROR;
				CLANG_WARN_DOCUMENTATION_COMMENTS = YES;
				CLANG_WARN_EMPTY_BODY = YES;
				CLANG_WARN_ENUM_CONVERSION = YES;
				CLANG_WARN_INFINITE_RECURSION = YES;
				CLANG_WARN_INT_CONVERSION = YES;
				CLANG_WARN_NON_LITERAL_NULL_CONVERSION = YES;
				CLANG_WARN_OBJC_IMPLICIT_RETAIN_SELF = YES;
				CLANG_WARN_OBJC_LITERAL_CONVERSION = YES;
				CLANG_WARN_OBJC_ROOT_CLASS = YES_ERROR;
				CLANG_WARN_RANGE_LOOP_ANALYSIS = YES;
				CLANG_WARN_STRICT_PROTOTYPES = YES;
				CLANG_WARN_SUSPICIOUS_MOVE = YES;
				CLANG_WARN_UNREACHABLE_CODE = YES;
				CLANG_WARN__DUPLICATE_METHOD_MATCH = YES;
				"CODE_SIGN_IDENTITY[sdk=iphoneos*]" = "iPhone Developer";
				COPY_PHASE_STRIP = NO;
				DEBUG_INFORMATION_FORMAT = "dwarf-with-dsym";
				ENABLE_NS_ASSERTIONS = NO;
				ENABLE_STRICT_OBJC_MSGSEND = YES;
				GCC_C_LANGUAGE_STANDARD = gnu99;
				GCC_NO_COMMON_BLOCKS = YES;
				GCC_WARN_64_TO_32_BIT_CONVERSION = YES;
				GCC_WARN_ABOUT_RETURN_TYPE = YES_ERROR;
				GCC_WARN_UNDECLARED_SELECTOR = YES;
				GCC_WARN_UNINITIALIZED_AUTOS = YES_AGGRESSIVE;
				GCC_WARN_UNUSED_FUNCTION = YES;
				GCC_WARN_UNUSED_VARIABLE = YES;
				IPHONEOS_DEPLOYMENT_TARGET = 10.3;
				MTL_ENABLE_DEBUG_INFO = NO;
				SDKROOT = iphoneos;
				SWIFT_OPTIMIZATION_LEVEL = "-Owholemodule";
				VALIDATE_PRODUCT = YES;
			};
			name = Release;
		};
		9B29642A1EBF88E400377E9B /* Debug */ = {
			isa = XCBuildConfiguration;
			buildSettings = {
				ASSETCATALOG_COMPILER_APPICON_NAME = AppIcon;
				DEBUG_INFORMATION_FORMAT = "dwarf-with-dsym";
				DEVELOPMENT_TEAM = A9UMG393DW;
				FRAMEWORK_SEARCH_PATHS = (
					"$(inherited)",
					"$(PROJECT_DIR)",
				);
				INFOPLIST_FILE = "tK Fan/Info.plist";
				IPHONEOS_DEPLOYMENT_TARGET = 10.0;
				LD_RUNPATH_SEARCH_PATHS = "$(inherited) @executable_path/Frameworks";
				PRODUCT_BUNDLE_IDENTIFIER = "com.SUDO.tK-Fan";
				PRODUCT_NAME = "$(TARGET_NAME)";
				SWIFT_SWIFT3_OBJC_INFERENCE = Default;
				SWIFT_VERSION = 4.0;
				TARGETED_DEVICE_FAMILY = 1;
			};
			name = Debug;
		};
		9B29642B1EBF88E400377E9B /* Release */ = {
			isa = XCBuildConfiguration;
			buildSettings = {
				ASSETCATALOG_COMPILER_APPICON_NAME = AppIcon;
				DEVELOPMENT_TEAM = A9UMG393DW;
				FRAMEWORK_SEARCH_PATHS = (
					"$(inherited)",
					"$(PROJECT_DIR)",
				);
				INFOPLIST_FILE = "tK Fan/Info.plist";
				IPHONEOS_DEPLOYMENT_TARGET = 10.0;
				LD_RUNPATH_SEARCH_PATHS = "$(inherited) @executable_path/Frameworks";
				PRODUCT_BUNDLE_IDENTIFIER = "com.SUDO.tK-Fan";
				PRODUCT_NAME = "$(TARGET_NAME)";
				SWIFT_SWIFT3_OBJC_INFERENCE = Default;
				SWIFT_VERSION = 4.0;
				TARGETED_DEVICE_FAMILY = 1;
			};
			name = Release;
		};
/* End XCBuildConfiguration section */

/* Begin XCConfigurationList section */
		9B2963FA1EBF88E400377E9B /* Build configuration list for PBXProject "tK Fan" */ = {
			isa = XCConfigurationList;
			buildConfigurations = (
				9B2964271EBF88E400377E9B /* Debug */,
				9B2964281EBF88E400377E9B /* Release */,
			);
			defaultConfigurationIsVisible = 0;
			defaultConfigurationName = Release;
		};
		9B2964291EBF88E400377E9B /* Build configuration list for PBXNativeTarget "tK Fan" */ = {
			isa = XCConfigurationList;
			buildConfigurations = (
				9B29642A1EBF88E400377E9B /* Debug */,
				9B29642B1EBF88E400377E9B /* Release */,
			);
			defaultConfigurationIsVisible = 0;
			defaultConfigurationName = Release;
		};
/* End XCConfigurationList section */
	};
	rootObject = 9B2963F71EBF88E400377E9B /* Project object */;
}
